
Microsoft Visual Studio Solution File, Format Version 12.00
# Visual Studio 15
VisualStudioVersion = 15.0.27703.2026
MinimumVisualStudioVersion = 10.0.40219.1
Project("{FAE04EC0-301F-11D3-BF4B-00C04F79EFBC}") = "VFromCGetM", "VFromCGetM\VFromCGetM.csproj", "{F9801328-3F35-4FDD-A494-E5C3960411BD}"
EndProject
Global
	GlobalSection(SolutionConfigurationPlatforms) = preSolution
		Debug|Any CPU = Debug|Any CPU
		Release|Any CPU = Release|Any CPU
	EndGlobalSection
	GlobalSection(ProjectConfigurationPlatforms) = postSolution
		{F9801328-3F35-4FDD-A494-E5C3960411BD}.Debug|Any CPU.ActiveCfg = Debug|Any CPU
		{F9801328-3F35-4FDD-A494-E5C3960411BD}.Debug|Any CPU.Build.0 = Debug|Any CPU
		{F9801328-3F35-4FDD-A494-E5C3960411BD}.Release|Any CPU.ActiveCfg = Release|Any CPU
		{F9801328-3F35-4FDD-A494-E5C3960411BD}.Release|Any CPU.Build.0 = Release|Any CPU
	EndGlobalSection
	GlobalSection(SolutionProperties) = preSolution
		HideSolutionNode = FALSE
	EndGlobalSection
	GlobalSection(ExtensibilityGlobals) = postSolution
		SolutionGuid = {362AA238-265F-47E2-9D9C-CE489354B390}
	EndGlobalSection
EndGlobal
